
Microsoft Visual Studio Solution File, Format Version 12.00
# Visual Studio Version 17
VisualStudioVersion = 17.10.35013.160
MinimumVisualStudioVersion = 10.0.40219.1
Project("{FAE04EC0-301F-11D3-BF4B-00C04F79EFBC}") = "XWEAR_API", "XWEAR_API\XWEAR_API.csproj", "{8D7280A6-F35C-4132-ABA7-6FECF21CD188}"
EndProject
Global
	GlobalSection(SolutionConfigurationPlatforms) = preSolution
		Debug|Any CPU = Debug|Any CPU
		Release|Any CPU = Release|Any CPU
	EndGlobalSection
	GlobalSection(ProjectConfigurationPlatforms) = postSolution
		{8D7280A6-F35C-4132-ABA7-6FECF21CD188}.Debug|Any CPU.ActiveCfg = Debug|Any CPU
		{8D7280A6-F35C-4132-ABA7-6FECF21CD188}.Debug|Any CPU.Build.0 = Debug|Any CPU
		{8D7280A6-F35C-4132-ABA7-6FECF21CD188}.Release|Any CPU.ActiveCfg = Release|Any CPU
		{8D7280A6-F35C-4132-ABA7-6FECF21CD188}.Release|Any CPU.Build.0 = Release|Any CPU
	EndGlobalSection
	GlobalSection(SolutionProperties) = preSolution
		HideSolutionNode = FALSE
	EndGlobalSection
	GlobalSection(ExtensibilityGlobals) = postSolution
		SolutionGuid = {2A92DABA-0456-4C91-9115-7BF98AE3905B}
	EndGlobalSection
EndGlobal
